Microsoft Visual Studio Solution File, Format Version 11.00
# Visual Studio 2008

Project("{28E64B53-EC12-2BD1-FD05-4F6F41F17355}") = "Dr3D", "Assembly-CSharp.csproj", "{F22AA0EB-C854-AC38-3ECE-FDCE655ED29D}"
EndProject
Global
	GlobalSection(SolutionConfigurationPlatforms) = preSolution
		Debug|Any CPU = Debug|Any CPU
		Release|Any CPU = Release|Any CPU
	EndGlobalSection
	GlobalSection(ProjectConfigurationPlatforms) = postSolution
		{F22AA0EB-C854-AC38-3ECE-FDCE655ED29D}.Debug|Any CPU.ActiveCfg = Debug|Any CPU
		{F22AA0EB-C854-AC38-3ECE-FDCE655ED29D}.Debug|Any CPU.Build.0 = Debug|Any CPU
		{F22AA0EB-C854-AC38-3ECE-FDCE655ED29D}.Release|Any CPU.ActiveCfg = Release|Any CPU
		{F22AA0EB-C854-AC38-3ECE-FDCE655ED29D}.Release|Any CPU.Build.0 = Release|Any CPU
	EndGlobalSection
	GlobalSection(SolutionProperties) = preSolution
		HideSolutionNode = FALSE
	EndGlobalSection
	GlobalSection(MonoDevelopProperties) = preSolution
		StartupItem = Assembly-CSharp.csproj
	EndGlobalSection
EndGlobal
